
Microsoft Visual Studio Solution File, Format Version 11.00
# Visual Studio 2010
Project("{FAE04EC0-301F-11D3-BF4B-00C04F79EFBC}") = "TestServer", "TestServer\TestServer.csproj", "{B9B3CA15-E459-459A-9D57-C31F24EB5E71}"
EndProject
Project("{FAE04EC0-301F-11D3-BF4B-00C04F79EFBC}") = "TestClient", "TestClient\TestClient.csproj", "{8986E7D3-E75B-41B4-AFBC-186E4C37DBEA}"
EndProject
Project("{2150E333-8FDC-42A3-9474-1A3956D46DE8}") = "Solution Items", "Solution Items", "{9239DD71-23B9-4792-A6C7-D82ABE83AEC3}"
	ProjectSection(SolutionItems) = preProject
		Data\me-indoor-ca.cer = Data\me-indoor-ca.cer
		Data\me-test-client.pfx = Data\me-test-client.pfx
		Data\me-test-server.pfx = Data\me-test-server.pfx
		Data\purchase-order.wsdl = Data\purchase-order.wsdl
	EndProjectSection
EndProject
Project("{FAE04EC0-301F-11D3-BF4B-00C04F79EFBC}") = "TestServerIIS", "TestServerIIS\TestServerIIS.csproj", "{5A5B6A1B-EBCF-4B95-ADD5-C87CC606F95E}"
EndProject
Global
	GlobalSection(SolutionConfigurationPlatforms) = preSolution
		Debug|Any CPU = Debug|Any CPU
		Debug|Mixed Platforms = Debug|Mixed Platforms
		Debug|x86 = Debug|x86
		Release|Any CPU = Release|Any CPU
		Release|Mixed Platforms = Release|Mixed Platforms
		Release|x86 = Release|x86
	EndGlobalSection
	GlobalSection(ProjectConfigurationPlatforms) = postSolution
		{B9B3CA15-E459-459A-9D57-C31F24EB5E71}.Debug|Any CPU.ActiveCfg = Debug|x86
		{B9B3CA15-E459-459A-9D57-C31F24EB5E71}.Debug|Mixed Platforms.ActiveCfg = Debug|x86
		{B9B3CA15-E459-459A-9D57-C31F24EB5E71}.Debug|Mixed Platforms.Build.0 = Debug|x86
		{B9B3CA15-E459-459A-9D57-C31F24EB5E71}.Debug|x86.ActiveCfg = Debug|x86
		{B9B3CA15-E459-459A-9D57-C31F24EB5E71}.Debug|x86.Build.0 = Debug|x86
		{B9B3CA15-E459-459A-9D57-C31F24EB5E71}.Release|Any CPU.ActiveCfg = Release|x86
		{B9B3CA15-E459-459A-9D57-C31F24EB5E71}.Release|Mixed Platforms.ActiveCfg = Release|x86
		{B9B3CA15-E459-459A-9D57-C31F24EB5E71}.Release|Mixed Platforms.Build.0 = Release|x86
		{B9B3CA15-E459-459A-9D57-C31F24EB5E71}.Release|x86.ActiveCfg = Release|x86
		{B9B3CA15-E459-459A-9D57-C31F24EB5E71}.Release|x86.Build.0 = Release|x86
		{8986E7D3-E75B-41B4-AFBC-186E4C37DBEA}.Debug|Any CPU.ActiveCfg = Debug|x86
		{8986E7D3-E75B-41B4-AFBC-186E4C37DBEA}.Debug|Mixed Platforms.ActiveCfg = Debug|x86
		{8986E7D3-E75B-41B4-AFBC-186E4C37DBEA}.Debug|Mixed Platforms.Build.0 = Debug|x86
		{8986E7D3-E75B-41B4-AFBC-186E4C37DBEA}.Debug|x86.ActiveCfg = Debug|x86
		{8986E7D3-E75B-41B4-AFBC-186E4C37DBEA}.Debug|x86.Build.0 = Debug|x86
		{8986E7D3-E75B-41B4-AFBC-186E4C37DBEA}.Release|Any CPU.ActiveCfg = Release|x86
		{8986E7D3-E75B-41B4-AFBC-186E4C37DBEA}.Release|Mixed Platforms.ActiveCfg = Release|x86
		{8986E7D3-E75B-41B4-AFBC-186E4C37DBEA}.Release|Mixed Platforms.Build.0 = Release|x86
		{8986E7D3-E75B-41B4-AFBC-186E4C37DBEA}.Release|x86.ActiveCfg = Release|x86
		{8986E7D3-E75B-41B4-AFBC-186E4C37DBEA}.Release|x86.Build.0 = Release|x86
		{5A5B6A1B-EBCF-4B95-ADD5-C87CC606F95E}.Debug|Any CPU.ActiveCfg = Debug|Any CPU
		{5A5B6A1B-EBCF-4B95-ADD5-C87CC606F95E}.Debug|Any CPU.Build.0 = Debug|Any CPU
		{5A5B6A1B-EBCF-4B95-ADD5-C87CC606F95E}.Debug|Mixed Platforms.ActiveCfg = Debug|Any CPU
		{5A5B6A1B-EBCF-4B95-ADD5-C87CC606F95E}.Debug|Mixed Platforms.Build.0 = Debug|Any CPU
		{5A5B6A1B-EBCF-4B95-ADD5-C87CC606F95E}.Debug|x86.ActiveCfg = Debug|Any CPU
		{5A5B6A1B-EBCF-4B95-ADD5-C87CC606F95E}.Release|Any CPU.ActiveCfg = Release|Any CPU
		{5A5B6A1B-EBCF-4B95-ADD5-C87CC606F95E}.Release|Any CPU.Build.0 = Release|Any CPU
		{5A5B6A1B-EBCF-4B95-ADD5-C87CC606F95E}.Release|Mixed Platforms.ActiveCfg = Release|Any CPU
		{5A5B6A1B-EBCF-4B95-ADD5-C87CC606F95E}.Release|Mixed Platforms.Build.0 = Release|Any CPU
		{5A5B6A1B-EBCF-4B95-ADD5-C87CC606F95E}.Release|x86.ActiveCfg = Release|Any CPU
	EndGlobalSection
	GlobalSection(SolutionProperties) = preSolution
		HideSolutionNode = FALSE
	EndGlobalSection
EndGlobal
