
Microsoft Visual Studio Solution File, Format Version 11.00
# Visual Web Developer Express 2010
Project("{FAE04EC0-301F-11D3-BF4B-00C04F79EFBC}") = "TourPlanDemo", "TourPlanDemo\TourPlanDemo.csproj", "{E28051C3-FA82-4A51-B501-F5E6C0A19B68}"
EndProject
Global
	GlobalSection(SolutionConfigurationPlatforms) = preSolution
		Debug|Any CPU = Debug|Any CPU
		Release|Any CPU = Release|Any CPU
	EndGlobalSection
	GlobalSection(ProjectConfigurationPlatforms) = postSolution
		{E28051C3-FA82-4A51-B501-F5E6C0A19B68}.Debug|Any CPU.ActiveCfg = Debug|Any CPU
		{E28051C3-FA82-4A51-B501-F5E6C0A19B68}.Debug|Any CPU.Build.0 = Debug|Any CPU
		{E28051C3-FA82-4A51-B501-F5E6C0A19B68}.Release|Any CPU.ActiveCfg = Release|Any CPU
		{E28051C3-FA82-4A51-B501-F5E6C0A19B68}.Release|Any CPU.Build.0 = Release|Any CPU
	EndGlobalSection
	GlobalSection(SolutionProperties) = preSolution
		HideSolutionNode = FALSE
	EndGlobalSection
EndGlobal
